
Microsoft Visual Studio Solution File, Format Version 12.00
# Visual Studio Version 16
VisualStudioVersion = 16.0.29123.88
MinimumVisualStudioVersion = 10.0.40219.1
Project("{8BC9CEB8-8B4A-11D0-8D11-00A0C91BC942}") = "Agenda", "Agenda\Agenda.vcxproj", "{F4B33F97-691C-4227-985A-9C2636A79ABA}"
	ProjectSection(ProjectDependencies) = postProject
		{A657C56F-CE4E-4FB5-9135-5E2C9952B3BF} = {A657C56F-CE4E-4FB5-9135-5E2C9952B3BF}
		{322BC9DF-90DC-4309-B773-D53551A2686A} = {322BC9DF-90DC-4309-B773-D53551A2686A}
		{156E69E5-4942-4EEE-8F4C-84DA88598310} = {156E69E5-4942-4EEE-8F4C-84DA88598310}
	EndProjectSection
EndProject
Project("{8BC9CEB8-8B4A-11D0-8D11-00A0C91BC942}") = "AgendaModel", "AgendaModel\AgendaModel.vcxproj", "{156E69E5-4942-4EEE-8F4C-84DA88598310}"
EndProject
Project("{8BC9CEB8-8B4A-11D0-8D11-00A0C91BC942}") = "CustomControls", "..\CustomControls\CustomControls.vcxproj", "{322BC9DF-90DC-4309-B773-D53551A2686A}"
EndProject
Project("{8BC9CEB8-8B4A-11D0-8D11-00A0C91BC942}") = "Utilities", "..\Utilities\Utilities.vcxproj", "{A657C56F-CE4E-4FB5-9135-5E2C9952B3BF}"
EndProject
Global
	GlobalSection(SolutionConfigurationPlatforms) = preSolution
		Debug|Win32 = Debug|Win32
		Debug|x64 = Debug|x64
		Debug|x86 = Debug|x86
		Release|Win32 = Release|Win32
		Release|x64 = Release|x64
		Release|x86 = Release|x86
	EndGlobalSection
	GlobalSection(ProjectConfigurationPlatforms) = postSolution
		{F4B33F97-691C-4227-985A-9C2636A79ABA}.Debug|Win32.ActiveCfg = Debug|Win32
		{F4B33F97-691C-4227-985A-9C2636A79ABA}.Debug|Win32.Build.0 = Debug|Win32
		{F4B33F97-691C-4227-985A-9C2636A79ABA}.Debug|x64.ActiveCfg = Debug|x64
		{F4B33F97-691C-4227-985A-9C2636A79ABA}.Debug|x64.Build.0 = Debug|x64
		{F4B33F97-691C-4227-985A-9C2636A79ABA}.Debug|x86.ActiveCfg = Debug|Win32
		{F4B33F97-691C-4227-985A-9C2636A79ABA}.Debug|x86.Build.0 = Debug|Win32
		{F4B33F97-691C-4227-985A-9C2636A79ABA}.Release|Win32.ActiveCfg = Release|Win32
		{F4B33F97-691C-4227-985A-9C2636A79ABA}.Release|Win32.Build.0 = Release|Win32
		{F4B33F97-691C-4227-985A-9C2636A79ABA}.Release|x64.ActiveCfg = Release|x64
		{F4B33F97-691C-4227-985A-9C2636A79ABA}.Release|x64.Build.0 = Release|x64
		{F4B33F97-691C-4227-985A-9C2636A79ABA}.Release|x86.ActiveCfg = Release|Win32
		{F4B33F97-691C-4227-985A-9C2636A79ABA}.Release|x86.Build.0 = Release|Win32
		{156E69E5-4942-4EEE-8F4C-84DA88598310}.Debug|Win32.ActiveCfg = Debug|Win32
		{156E69E5-4942-4EEE-8F4C-84DA88598310}.Debug|Win32.Build.0 = Debug|Win32
		{156E69E5-4942-4EEE-8F4C-84DA88598310}.Debug|x64.ActiveCfg = Debug|Win32
		{156E69E5-4942-4EEE-8F4C-84DA88598310}.Debug|x86.ActiveCfg = Debug|Win32
		{156E69E5-4942-4EEE-8F4C-84DA88598310}.Debug|x86.Build.0 = Debug|Win32
		{156E69E5-4942-4EEE-8F4C-84DA88598310}.Release|Win32.ActiveCfg = Release|Win32
		{156E69E5-4942-4EEE-8F4C-84DA88598310}.Release|Win32.Build.0 = Release|Win32
		{156E69E5-4942-4EEE-8F4C-84DA88598310}.Release|x64.ActiveCfg = Release|Win32
		{156E69E5-4942-4EEE-8F4C-84DA88598310}.Release|x86.ActiveCfg = Release|Win32
		{156E69E5-4942-4EEE-8F4C-84DA88598310}.Release|x86.Build.0 = Release|Win32
		{322BC9DF-90DC-4309-B773-D53551A2686A}.Debug|Win32.ActiveCfg = Debug|Win32
		{322BC9DF-90DC-4309-B773-D53551A2686A}.Debug|Win32.Build.0 = Debug|Win32
		{322BC9DF-90DC-4309-B773-D53551A2686A}.Debug|x64.ActiveCfg = Debug|x64
		{322BC9DF-90DC-4309-B773-D53551A2686A}.Debug|x64.Build.0 = Debug|x64
		{322BC9DF-90DC-4309-B773-D53551A2686A}.Debug|x86.ActiveCfg = Debug|Win32
		{322BC9DF-90DC-4309-B773-D53551A2686A}.Debug|x86.Build.0 = Debug|Win32
		{322BC9DF-90DC-4309-B773-D53551A2686A}.Release|Win32.ActiveCfg = Release|Win32
		{322BC9DF-90DC-4309-B773-D53551A2686A}.Release|Win32.Build.0 = Release|Win32
		{322BC9DF-90DC-4309-B773-D53551A2686A}.Release|x64.ActiveCfg = Release|x64
		{322BC9DF-90DC-4309-B773-D53551A2686A}.Release|x64.Build.0 = Release|x64
		{322BC9DF-90DC-4309-B773-D53551A2686A}.Release|x86.ActiveCfg = Release|Win32
		{322BC9DF-90DC-4309-B773-D53551A2686A}.Release|x86.Build.0 = Release|Win32
		{A657C56F-CE4E-4FB5-9135-5E2C9952B3BF}.Debug|Win32.ActiveCfg = Debug|Win32
		{A657C56F-CE4E-4FB5-9135-5E2C9952B3BF}.Debug|Win32.Build.0 = Debug|Win32
		{A657C56F-CE4E-4FB5-9135-5E2C9952B3BF}.Debug|x64.ActiveCfg = Debug|Win32
		{A657C56F-CE4E-4FB5-9135-5E2C9952B3BF}.Debug|x86.ActiveCfg = Debug|Win32
		{A657C56F-CE4E-4FB5-9135-5E2C9952B3BF}.Debug|x86.Build.0 = Debug|Win32
		{A657C56F-CE4E-4FB5-9135-5E2C9952B3BF}.Release|Win32.ActiveCfg = Release|Win32
		{A657C56F-CE4E-4FB5-9135-5E2C9952B3BF}.Release|Win32.Build.0 = Release|Win32
		{A657C56F-CE4E-4FB5-9135-5E2C9952B3BF}.Release|x64.ActiveCfg = Release|Win32
		{A657C56F-CE4E-4FB5-9135-5E2C9952B3BF}.Release|x86.ActiveCfg = Release|Win32
		{A657C56F-CE4E-4FB5-9135-5E2C9952B3BF}.Release|x86.Build.0 = Release|Win32
	EndGlobalSection
	GlobalSection(SolutionProperties) = preSolution
		HideSolutionNode = FALSE
	EndGlobalSection
	GlobalSection(ExtensibilityGlobals) = postSolution
		SolutionGuid = {A57B9BC4-6531-4A70-B46D-1EB6B5CD6E3B}
	EndGlobalSection
EndGlobal
